
Microsoft Visual Studio Solution File, Format Version 12.00
# Visual Studio 15
VisualStudioVersion = 15.0.26730.16
MinimumVisualStudioVersion = 10.0.40219.1
Project("{FAE04EC0-301F-11D3-BF4B-00C04F79EFBC}") = "MessageRouter.Sandbox", "MessageRouter.Sandbox\MessageRouter.Sandbox.csproj", "{25A9DB45-8465-4D37-95D5-3222AF20B1FA}"
EndProject
Project("{FAE04EC0-301F-11D3-BF4B-00C04F79EFBC}") = "MessageRouter", "..\MessageRouter\MessageRouter\MessageRouter.csproj", "{C2A46FA7-DA9E-4F04-8D00-58CDD401D5F2}"
EndProject
Project("{FAE04EC0-301F-11D3-BF4B-00C04F79EFBC}") = "MessageRouter.NetMQ", "..\MessageRouter\MessageRouter.NetMQ\MessageRouter.NetMQ.csproj", "{8E603BA1-CEB3-4AF7-92F4-D49EB2E76599}"
EndProject
Global
	GlobalSection(SolutionConfigurationPlatforms) = preSolution
		Debug|Any CPU = Debug|Any CPU
		Release|Any CPU = Release|Any CPU
	EndGlobalSection
	GlobalSection(ProjectConfigurationPlatforms) = postSolution
		{25A9DB45-8465-4D37-95D5-3222AF20B1FA}.Debug|Any CPU.ActiveCfg = Debug|Any CPU
		{25A9DB45-8465-4D37-95D5-3222AF20B1FA}.Debug|Any CPU.Build.0 = Debug|Any CPU
		{25A9DB45-8465-4D37-95D5-3222AF20B1FA}.Release|Any CPU.ActiveCfg = Release|Any CPU
		{25A9DB45-8465-4D37-95D5-3222AF20B1FA}.Release|Any CPU.Build.0 = Release|Any CPU
		{C2A46FA7-DA9E-4F04-8D00-58CDD401D5F2}.Debug|Any CPU.ActiveCfg = Debug|Any CPU
		{C2A46FA7-DA9E-4F04-8D00-58CDD401D5F2}.Debug|Any CPU.Build.0 = Debug|Any CPU
		{C2A46FA7-DA9E-4F04-8D00-58CDD401D5F2}.Release|Any CPU.ActiveCfg = Release|Any CPU
		{C2A46FA7-DA9E-4F04-8D00-58CDD401D5F2}.Release|Any CPU.Build.0 = Release|Any CPU
		{8E603BA1-CEB3-4AF7-92F4-D49EB2E76599}.Debug|Any CPU.ActiveCfg = Debug|Any CPU
		{8E603BA1-CEB3-4AF7-92F4-D49EB2E76599}.Debug|Any CPU.Build.0 = Debug|Any CPU
		{8E603BA1-CEB3-4AF7-92F4-D49EB2E76599}.Release|Any CPU.ActiveCfg = Release|Any CPU
		{8E603BA1-CEB3-4AF7-92F4-D49EB2E76599}.Release|Any CPU.Build.0 = Release|Any CPU
	EndGlobalSection
	GlobalSection(SolutionProperties) = preSolution
		HideSolutionNode = FALSE
	EndGlobalSection
	GlobalSection(ExtensibilityGlobals) = postSolution
		SolutionGuid = {14E32B7F-C656-48C8-B429-2765EFA81982}
	EndGlobalSection
EndGlobal
