
Microsoft Visual Studio Solution File, Format Version 12.00
# Visual Studio 15
VisualStudioVersion = 15.0.28307.572
MinimumVisualStudioVersion = 10.0.40219.1
Project("{2150E333-8FDC-42A3-9474-1A3956D46DE8}") = "Tests", "Tests", "{863EDB3D-B126-4163-BF3A-30EBBE40F8F4}"
EndProject
Project("{2150E333-8FDC-42A3-9474-1A3956D46DE8}") = "Examples", "Examples", "{17BD1D4E-F52F-4425-8ED3-B27AE85A520A}"
EndProject
Project("{9A19103F-16F7-4668-BE54-9A1E7A4F7556}") = "Pigeon", "Pigeon\Pigeon.csproj", "{C2A46FA7-DA9E-4F04-8D00-58CDD401D5F2}"
EndProject
Project("{9A19103F-16F7-4668-BE54-9A1E7A4F7556}") = "Pigeon.NetMQ", "Pigeon.NetMQ\Pigeon.NetMQ.csproj", "{8E603BA1-CEB3-4AF7-92F4-D49EB2E76599}"
EndProject
Project("{FAE04EC0-301F-11D3-BF4B-00C04F79EFBC}") = "Pigeon.NetMQ.IntegrationTests", "Pigeon.NetMQ.IntegrationTests\Pigeon.NetMQ.IntegrationTests.csproj", "{8EDF4429-251A-416D-BB68-93F227191BCF}"
EndProject
Project("{FAE04EC0-301F-11D3-BF4B-00C04F79EFBC}") = "Pigeon.NetMQ.UnitTests", "Pigeon.NetMQ.UnitTests\Pigeon.NetMQ.UnitTests.csproj", "{CE1C50D6-D606-4C6B-94C3-A15CB9D36C32}"
EndProject
Project("{FAE04EC0-301F-11D3-BF4B-00C04F79EFBC}") = "Pigeon.UnitTests", "Pigeon.UnitTests\Pigeon.UnitTests.csproj", "{A60D2BCA-8E46-46CB-8EC1-CFA99EBFAEF0}"
EndProject
Project("{9A19103F-16F7-4668-BE54-9A1E7A4F7556}") = "Pigeon.Unity", "Pigeon.Unity\Pigeon.Unity.csproj", "{89C03F24-7E90-4F20-B438-B9587E060F64}"
EndProject
Project("{FAE04EC0-301F-11D3-BF4B-00C04F79EFBC}") = "Pigeon.Sandbox", "..\Pigeon.Sandbox\Pigeon.Sandbox\Pigeon.Sandbox.csproj", "{25A9DB45-8465-4D37-95D5-3222AF20B1FA}"
EndProject
Project("{FAE04EC0-301F-11D3-BF4B-00C04F79EFBC}") = "Pigeon.Unity.UnitTests", "Pigeon.Unity.UnitTests\Pigeon.Unity.UnitTests.csproj", "{9DA0AEC5-A08B-4831-A8C7-529EFAA295CD}"
EndProject
Project("{FAE04EC0-301F-11D3-BF4B-00C04F79EFBC}") = "Pigeon.IntegrationTests", "Pigeon.IntegrationTests\Pigeon.IntegrationTests.csproj", "{7E8ED123-E499-41C9-A066-8B37C4CEE8BA}"
EndProject
Project("{2150E333-8FDC-42A3-9474-1A3956D46DE8}") = "Solution Items", "Solution Items", "{A6675FFD-7D29-4723-AF11-A8286E3F29B9}"
	ProjectSection(SolutionItems) = preProject
		Pigeon\build.cake = Pigeon\build.cake
		Pigeon\build.ps1 = Pigeon\build.ps1
	EndProjectSection
EndProject
Project("{9A19103F-16F7-4668-BE54-9A1E7A4F7556}") = "Pigeon.Json", "Pigeon.Json\Pigeon.Json.csproj", "{F5702E1C-3EFE-43CD-91D6-B257EE006670}"
EndProject
Project("{FAE04EC0-301F-11D3-BF4B-00C04F79EFBC}") = "Pigeon.Json.UnitTests", "Pigeon.Json.UnitTests\Pigeon.Json.UnitTests.csproj", "{D761F0F1-FC34-4FE1-9152-339A3F55BBE1}"
EndProject
Project("{2150E333-8FDC-42A3-9474-1A3956D46DE8}") = "Chat", "Chat", "{1646E197-0464-416A-B99F-D9E621E3141D}"
EndProject
Project("{FAE04EC0-301F-11D3-BF4B-00C04F79EFBC}") = "ExampleClient", "..\Examples\ExampleClient\ExampleClient.csproj", "{5C09A630-230F-43DB-842A-4A3C3CB00147}"
EndProject
Project("{9A19103F-16F7-4668-BE54-9A1E7A4F7556}") = "ExampleContracts", "..\Examples\ExampleContracts\ExampleContracts.csproj", "{48250117-5AEB-46F3-A615-BAD0D0BD7B6C}"
EndProject
Project("{9A19103F-16F7-4668-BE54-9A1E7A4F7556}") = "ExampleServer", "..\Examples\ExampleServer\ExampleServer.csproj", "{2D30C29C-F993-4D41-978A-0220632FDC2C}"
EndProject
Project("{FAE04EC0-301F-11D3-BF4B-00C04F79EFBC}") = "Pigeon.Annotations", "Pigeon.Annotations\Pigeon.Annotations.csproj", "{E79A60C3-0687-49CE-97D7-95BD0033E498}"
EndProject
Project("{FAE04EC0-301F-11D3-BF4B-00C04F79EFBC}") = "Pigeon.Web", "Pigeon.Web\Pigeon.Web.csproj", "{CBA34AEC-CFCC-48FC-A106-EDE32A2B5DF8}"
EndProject
Project("{FAE04EC0-301F-11D3-BF4B-00C04F79EFBC}") = "Pigeon.Web.UnitTests", "Pigeon.Web.UnitTests\Pigeon.Web.UnitTests.csproj", "{3D156390-17A1-4670-B0BA-8922792A6149}"
EndProject
Global
	GlobalSection(SolutionConfigurationPlatforms) = preSolution
		Debug|Any CPU = Debug|Any CPU
		Release|Any CPU = Release|Any CPU
	EndGlobalSection
	GlobalSection(ProjectConfigurationPlatforms) = postSolution
		{C2A46FA7-DA9E-4F04-8D00-58CDD401D5F2}.Debug|Any CPU.ActiveCfg = Debug|Any CPU
		{C2A46FA7-DA9E-4F04-8D00-58CDD401D5F2}.Debug|Any CPU.Build.0 = Debug|Any CPU
		{C2A46FA7-DA9E-4F04-8D00-58CDD401D5F2}.Release|Any CPU.ActiveCfg = Release|Any CPU
		{C2A46FA7-DA9E-4F04-8D00-58CDD401D5F2}.Release|Any CPU.Build.0 = Release|Any CPU
		{8E603BA1-CEB3-4AF7-92F4-D49EB2E76599}.Debug|Any CPU.ActiveCfg = Debug|Any CPU
		{8E603BA1-CEB3-4AF7-92F4-D49EB2E76599}.Debug|Any CPU.Build.0 = Debug|Any CPU
		{8E603BA1-CEB3-4AF7-92F4-D49EB2E76599}.Release|Any CPU.ActiveCfg = Release|Any CPU
		{8E603BA1-CEB3-4AF7-92F4-D49EB2E76599}.Release|Any CPU.Build.0 = Release|Any CPU
		{8EDF4429-251A-416D-BB68-93F227191BCF}.Debug|Any CPU.ActiveCfg = Debug|Any CPU
		{8EDF4429-251A-416D-BB68-93F227191BCF}.Debug|Any CPU.Build.0 = Debug|Any CPU
		{8EDF4429-251A-416D-BB68-93F227191BCF}.Release|Any CPU.ActiveCfg = Release|Any CPU
		{8EDF4429-251A-416D-BB68-93F227191BCF}.Release|Any CPU.Build.0 = Release|Any CPU
		{CE1C50D6-D606-4C6B-94C3-A15CB9D36C32}.Debug|Any CPU.ActiveCfg = Debug|Any CPU
		{CE1C50D6-D606-4C6B-94C3-A15CB9D36C32}.Debug|Any CPU.Build.0 = Debug|Any CPU
		{CE1C50D6-D606-4C6B-94C3-A15CB9D36C32}.Release|Any CPU.ActiveCfg = Release|Any CPU
		{CE1C50D6-D606-4C6B-94C3-A15CB9D36C32}.Release|Any CPU.Build.0 = Release|Any CPU
		{A60D2BCA-8E46-46CB-8EC1-CFA99EBFAEF0}.Debug|Any CPU.ActiveCfg = Debug|Any CPU
		{A60D2BCA-8E46-46CB-8EC1-CFA99EBFAEF0}.Debug|Any CPU.Build.0 = Debug|Any CPU
		{A60D2BCA-8E46-46CB-8EC1-CFA99EBFAEF0}.Release|Any CPU.ActiveCfg = Release|Any CPU
		{A60D2BCA-8E46-46CB-8EC1-CFA99EBFAEF0}.Release|Any CPU.Build.0 = Release|Any CPU
		{89C03F24-7E90-4F20-B438-B9587E060F64}.Debug|Any CPU.ActiveCfg = Debug|Any CPU
		{89C03F24-7E90-4F20-B438-B9587E060F64}.Debug|Any CPU.Build.0 = Debug|Any CPU
		{89C03F24-7E90-4F20-B438-B9587E060F64}.Release|Any CPU.ActiveCfg = Release|Any CPU
		{89C03F24-7E90-4F20-B438-B9587E060F64}.Release|Any CPU.Build.0 = Release|Any CPU
		{25A9DB45-8465-4D37-95D5-3222AF20B1FA}.Debug|Any CPU.ActiveCfg = Debug|Any CPU
		{25A9DB45-8465-4D37-95D5-3222AF20B1FA}.Debug|Any CPU.Build.0 = Debug|Any CPU
		{25A9DB45-8465-4D37-95D5-3222AF20B1FA}.Release|Any CPU.ActiveCfg = Release|Any CPU
		{25A9DB45-8465-4D37-95D5-3222AF20B1FA}.Release|Any CPU.Build.0 = Release|Any CPU
		{9DA0AEC5-A08B-4831-A8C7-529EFAA295CD}.Debug|Any CPU.ActiveCfg = Debug|Any CPU
		{9DA0AEC5-A08B-4831-A8C7-529EFAA295CD}.Debug|Any CPU.Build.0 = Debug|Any CPU
		{9DA0AEC5-A08B-4831-A8C7-529EFAA295CD}.Release|Any CPU.ActiveCfg = Release|Any CPU
		{9DA0AEC5-A08B-4831-A8C7-529EFAA295CD}.Release|Any CPU.Build.0 = Release|Any CPU
		{7E8ED123-E499-41C9-A066-8B37C4CEE8BA}.Debug|Any CPU.ActiveCfg = Debug|Any CPU
		{7E8ED123-E499-41C9-A066-8B37C4CEE8BA}.Debug|Any CPU.Build.0 = Debug|Any CPU
		{7E8ED123-E499-41C9-A066-8B37C4CEE8BA}.Release|Any CPU.ActiveCfg = Release|Any CPU
		{7E8ED123-E499-41C9-A066-8B37C4CEE8BA}.Release|Any CPU.Build.0 = Release|Any CPU
		{F5702E1C-3EFE-43CD-91D6-B257EE006670}.Debug|Any CPU.ActiveCfg = Debug|Any CPU
		{F5702E1C-3EFE-43CD-91D6-B257EE006670}.Debug|Any CPU.Build.0 = Debug|Any CPU
		{F5702E1C-3EFE-43CD-91D6-B257EE006670}.Release|Any CPU.ActiveCfg = Release|Any CPU
		{F5702E1C-3EFE-43CD-91D6-B257EE006670}.Release|Any CPU.Build.0 = Release|Any CPU
		{D761F0F1-FC34-4FE1-9152-339A3F55BBE1}.Debug|Any CPU.ActiveCfg = Debug|Any CPU
		{D761F0F1-FC34-4FE1-9152-339A3F55BBE1}.Debug|Any CPU.Build.0 = Debug|Any CPU
		{D761F0F1-FC34-4FE1-9152-339A3F55BBE1}.Release|Any CPU.ActiveCfg = Release|Any CPU
		{D761F0F1-FC34-4FE1-9152-339A3F55BBE1}.Release|Any CPU.Build.0 = Release|Any CPU
		{5C09A630-230F-43DB-842A-4A3C3CB00147}.Debug|Any CPU.ActiveCfg = Debug|Any CPU
		{5C09A630-230F-43DB-842A-4A3C3CB00147}.Debug|Any CPU.Build.0 = Debug|Any CPU
		{5C09A630-230F-43DB-842A-4A3C3CB00147}.Release|Any CPU.ActiveCfg = Release|Any CPU
		{5C09A630-230F-43DB-842A-4A3C3CB00147}.Release|Any CPU.Build.0 = Release|Any CPU
		{48250117-5AEB-46F3-A615-BAD0D0BD7B6C}.Debug|Any CPU.ActiveCfg = Debug|Any CPU
		{48250117-5AEB-46F3-A615-BAD0D0BD7B6C}.Debug|Any CPU.Build.0 = Debug|Any CPU
		{48250117-5AEB-46F3-A615-BAD0D0BD7B6C}.Release|Any CPU.ActiveCfg = Release|Any CPU
		{48250117-5AEB-46F3-A615-BAD0D0BD7B6C}.Release|Any CPU.Build.0 = Release|Any CPU
		{2D30C29C-F993-4D41-978A-0220632FDC2C}.Debug|Any CPU.ActiveCfg = Debug|Any CPU
		{2D30C29C-F993-4D41-978A-0220632FDC2C}.Debug|Any CPU.Build.0 = Debug|Any CPU
		{2D30C29C-F993-4D41-978A-0220632FDC2C}.Release|Any CPU.ActiveCfg = Release|Any CPU
		{2D30C29C-F993-4D41-978A-0220632FDC2C}.Release|Any CPU.Build.0 = Release|Any CPU
		{E79A60C3-0687-49CE-97D7-95BD0033E498}.Debug|Any CPU.ActiveCfg = Debug|Any CPU
		{E79A60C3-0687-49CE-97D7-95BD0033E498}.Debug|Any CPU.Build.0 = Debug|Any CPU
		{E79A60C3-0687-49CE-97D7-95BD0033E498}.Release|Any CPU.ActiveCfg = Release|Any CPU
		{E79A60C3-0687-49CE-97D7-95BD0033E498}.Release|Any CPU.Build.0 = Release|Any CPU
		{CBA34AEC-CFCC-48FC-A106-EDE32A2B5DF8}.Debug|Any CPU.ActiveCfg = Debug|Any CPU
		{CBA34AEC-CFCC-48FC-A106-EDE32A2B5DF8}.Debug|Any CPU.Build.0 = Debug|Any CPU
		{CBA34AEC-CFCC-48FC-A106-EDE32A2B5DF8}.Release|Any CPU.ActiveCfg = Release|Any CPU
		{CBA34AEC-CFCC-48FC-A106-EDE32A2B5DF8}.Release|Any CPU.Build.0 = Release|Any CPU
		{3D156390-17A1-4670-B0BA-8922792A6149}.Debug|Any CPU.ActiveCfg = Debug|Any CPU
		{3D156390-17A1-4670-B0BA-8922792A6149}.Debug|Any CPU.Build.0 = Debug|Any CPU
		{3D156390-17A1-4670-B0BA-8922792A6149}.Release|Any CPU.ActiveCfg = Release|Any CPU
		{3D156390-17A1-4670-B0BA-8922792A6149}.Release|Any CPU.Build.0 = Release|Any CPU
	EndGlobalSection
	GlobalSection(SolutionProperties) = preSolution
		HideSolutionNode = FALSE
	EndGlobalSection
	GlobalSection(NestedProjects) = preSolution
		{8EDF4429-251A-416D-BB68-93F227191BCF} = {863EDB3D-B126-4163-BF3A-30EBBE40F8F4}
		{CE1C50D6-D606-4C6B-94C3-A15CB9D36C32} = {863EDB3D-B126-4163-BF3A-30EBBE40F8F4}
		{A60D2BCA-8E46-46CB-8EC1-CFA99EBFAEF0} = {863EDB3D-B126-4163-BF3A-30EBBE40F8F4}
		{25A9DB45-8465-4D37-95D5-3222AF20B1FA} = {17BD1D4E-F52F-4425-8ED3-B27AE85A520A}
		{9DA0AEC5-A08B-4831-A8C7-529EFAA295CD} = {863EDB3D-B126-4163-BF3A-30EBBE40F8F4}
		{7E8ED123-E499-41C9-A066-8B37C4CEE8BA} = {863EDB3D-B126-4163-BF3A-30EBBE40F8F4}
		{D761F0F1-FC34-4FE1-9152-339A3F55BBE1} = {863EDB3D-B126-4163-BF3A-30EBBE40F8F4}
		{1646E197-0464-416A-B99F-D9E621E3141D} = {17BD1D4E-F52F-4425-8ED3-B27AE85A520A}
		{5C09A630-230F-43DB-842A-4A3C3CB00147} = {1646E197-0464-416A-B99F-D9E621E3141D}
		{48250117-5AEB-46F3-A615-BAD0D0BD7B6C} = {1646E197-0464-416A-B99F-D9E621E3141D}
		{2D30C29C-F993-4D41-978A-0220632FDC2C} = {1646E197-0464-416A-B99F-D9E621E3141D}
		{3D156390-17A1-4670-B0BA-8922792A6149} = {863EDB3D-B126-4163-BF3A-30EBBE40F8F4}
	EndGlobalSection
	GlobalSection(ExtensibilityGlobals) = postSolution
		SolutionGuid = {9795E1F7-EDC1-4B4C-AADF-5BB529187C83}
	EndGlobalSection
EndGlobal
